
Microsoft Visual Studio Solution File, Format Version 12.00
# Visual Studio Version 16
VisualStudioVersion = 16.0.31702.278
MinimumVisualStudioVersion = 10.0.40219.1
Project("{FAE04EC0-301F-11D3-BF4B-00C04F79EFBC}") = "CoinFlippingProgram", "CoinFlippingProgram.csproj", "{AF3ECF44-9A4A-4653-A31A-D64B8DC74E38}"
EndProject
Global
	GlobalSection(SolutionConfigurationPlatforms) = preSolution
		Debug|Any CPU = Debug|Any CPU
		Release|Any CPU = Release|Any CPU
	EndGlobalSection
	GlobalSection(ProjectConfigurationPlatforms) = postSolution
		{AF3ECF44-9A4A-4653-A31A-D64B8DC74E38}.Debug|Any CPU.ActiveCfg = Debug|Any CPU
		{AF3ECF44-9A4A-4653-A31A-D64B8DC74E38}.Debug|Any CPU.Build.0 = Debug|Any CPU
		{AF3ECF44-9A4A-4653-A31A-D64B8DC74E38}.Release|Any CPU.ActiveCfg = Release|Any CPU
		{AF3ECF44-9A4A-4653-A31A-D64B8DC74E38}.Release|Any CPU.Build.0 = Release|Any CPU
	EndGlobalSection
	GlobalSection(SolutionProperties) = preSolution
		HideSolutionNode = FALSE
	EndGlobalSection
	GlobalSection(ExtensibilityGlobals) = postSolution
		SolutionGuid = {C4470E5E-55B5-4FE9-914C-CFF4C115530D}
	EndGlobalSection
EndGlobal
