
Microsoft Visual Studio Solution File, Format Version 12.00
# Visual Studio Version 16
VisualStudioVersion = 16.0.31702.278
MinimumVisualStudioVersion = 10.0.40219.1
Project("{FAE04EC0-301F-11D3-BF4B-00C04F79EFBC}") = "ConstantOrVowel", "ConstantOrVowel.csproj", "{D6F2B18C-0787-47AD-B8E3-3F7EBC59FB22}"
EndProject
Global
	GlobalSection(SolutionConfigurationPlatforms) = preSolution
		Debug|Any CPU = Debug|Any CPU
		Release|Any CPU = Release|Any CPU
	EndGlobalSection
	GlobalSection(ProjectConfigurationPlatforms) = postSolution
		{D6F2B18C-0787-47AD-B8E3-3F7EBC59FB22}.Debug|Any CPU.ActiveCfg = Debug|Any CPU
		{D6F2B18C-0787-47AD-B8E3-3F7EBC59FB22}.Debug|Any CPU.Build.0 = Debug|Any CPU
		{D6F2B18C-0787-47AD-B8E3-3F7EBC59FB22}.Release|Any CPU.ActiveCfg = Release|Any CPU
		{D6F2B18C-0787-47AD-B8E3-3F7EBC59FB22}.Release|Any CPU.Build.0 = Release|Any CPU
	EndGlobalSection
	GlobalSection(SolutionProperties) = preSolution
		HideSolutionNode = FALSE
	EndGlobalSection
	GlobalSection(ExtensibilityGlobals) = postSolution
		SolutionGuid = {D0002371-6051-46D9-B10E-BAF14158DEA1}
	EndGlobalSection
EndGlobal
